# DO NOT EDIT MANUALLY - Managed by Fern Replay
version: "1.0"
generations:
  - commit_sha: 88b25d55dffa9837a1057ddbc957cbc43bacd224
    tree_hash: 3d52c533bace20e7293dab9f0b2af0f8ba0ccf7a
    timestamp: 2026-09-11T22:51:19.603Z
    cli_version: unknown
    generator_versions: {}
  - commit_sha: a72ff0c26eb1c472b18d62d328a857d7cfb22067
    tree_hash: da9e2c0b97be151c1d0a7db5bec4ecd71b7aed98
    timestamp: 2026-09-11T22:51:19.842Z
    cli_version: unknown
    generator_versions:
      fernapi/fern-python-sdk: 5.30.0
  - commit_sha: 8e03756f82173d1faa776bcbcfd5df5691b4b314
    tree_hash: 53513f7392da7224a6033ab3356de5b55dd0b3e1
    timestamp: 2026-09-12T09:31:23.542Z
    cli_version: unknown
    generator_versions:
      fernapi/fern-python-sdk: 5.30.0
current_generation: 8e03756f82173d1faa776bcbcfd5df5691b4b314
patches: []
