# DO NOT EDIT MANUALLY - Managed by Fern Replay
version: "1.0"
generations:
  - commit_sha: 88b25d55dffa9837a1057ddbc957cbc43bacd224
    tree_hash: 3d52c533bace20e7293dab9f0b2af0f8ba0ccf7a
    timestamp: 2026-09-11T22:51:19.603Z
    cli_version: unknown
    generator_versions: {}
current_generation: 88b25d55dffa9837a1057ddbc957cbc43bacd224
patches: []
